// !$*UTF8*$!
{
	archiveVersion = 1;
	classes = {
	};
	objectVersion = 77;
	objects = {

/* Begin PBXBuildFile section */
		CEB291DF2CCAC42E00029FF1 /* Assets.xcassets in Resources */ = {isa = PBXBuildFile; fileRef = CEB291D62CCAC42E00029FF1 /* Assets.xcassets */; };
		CEB291E12CCAC42E00029FF1 /* LaunchScreen.storyboard in Resources */ = {isa = PBXBuildFile; fileRef = CEB291D92CCAC42E00029FF1 /* LaunchScreen.storyboard */; };
		CEB291E22CCAC42E00029FF1 /* Main.storyboard in Resources */ = {isa = PBXBuildFile; fileRef = CEB291DB2CCAC42E00029FF1 /* Main.storyboard */; };
		CEB291E32CCAC42E00029FF1 /* AppDelegate.swift in Sources */ = {isa = PBXBuildFile; fileRef = CEB291D52CCAC42E00029FF1 /* AppDelegate.swift */; };
		CEB291E42CCAC42E00029FF1 /* SceneDelegate.swift in Sources */ = {isa = PBXBuildFile; fileRef = CEB291DC2CCAC42E00029FF1 /* SceneDelegate.swift */; };
		CEB291E52CCAC42E00029FF1 /* MainViewController.swift in Sources */ = {isa = PBXBuildFile; fileRef = CEB291DD2CCAC42E00029FF1 /* MainViewController.swift */; };
		CEB291EB2CCAD4EB00029FF1 /* MenuViewController.swift in Sources */ = {isa = PBXBuildFile; fileRef = CEB291EA2CCAD4EB00029FF1 /* MenuViewController.swift */; };
		CEB291ED2CCAD50100029FF1 /* HomeViewController.swift in Sources */ = {isa = PBXBuildFile; fileRef = CEB291EC2CCAD50100029FF1 /* HomeViewController.swift */; };
		CEB291EF2CCAD50E00029FF1 /* InfoViewController.swift in Sources */ = {isa = PBXBuildFile; fileRef = CEB291EE2CCAD50E00029FF1 /* InfoViewController.swift */; };
		CEB291F12CCAD55700029FF1 /* LoginViewController.swift in Sources */ = {isa = PBXBuildFile; fileRef = CEB291F02CCAD55700029FF1 /* LoginViewController.swift */; };
		CEBD55D32CD68ABB0047653F /* Track.swift in Sources */ = {isa = PBXBuildFile; fileRef = CEBD55D22CD68ABB0047653F /* Track.swift */; };
/* End PBXBuildFile section */

/* Begin PBXFileReference section */
		CEB291BD2CCAC42400029FF1 /* LeftSlideMenu.app */ = {isa = PBXFileReference; explicitFileType = wrapper.application; includeInIndex = 0; path = LeftSlideMenu.app; sourceTree = BUILT_PRODUCTS_DIR; };
		CEB291D52CCAC42E00029FF1 /* AppDelegate.swift */ = {isa = PBXFileReference; lastKnownFileType = sourcecode.swift; path = AppDelegate.swift; sourceTree = "<group>"; };
		CEB291D62CCAC42E00029FF1 /* Assets.xcassets */ = {isa = PBXFileReference; lastKnownFileType = folder.assetcatalog; path = Assets.xcassets; sourceTree = "<group>"; };
		CEB291D72CCAC42E00029FF1 /* Info.plist */ = {isa = PBXFileReference; lastKnownFileType = text.plist.xml; path = Info.plist; sourceTree = "<group>"; };
		CEB291D82CCAC42E00029FF1 /* Base */ = {isa = PBXFileReference; lastKnownFileType = file.storyboard; name = Base; path = Base.lproj/LaunchScreen.storyboard; sourceTree = "<group>"; };
		CEB291DA2CCAC42E00029FF1 /* Base */ = {isa = PBXFileReference; lastKnownFileType = file.storyboard; name = Base; path = Base.lproj/Main.storyboard; sourceTree = "<group>"; };
		CEB291DC2CCAC42E00029FF1 /* SceneDelegate.swift */ = {isa = PBXFileReference; lastKnownFileType = sourcecode.swift; path = SceneDelegate.swift; sourceTree = "<group>"; };
		CEB291DD2CCAC42E00029FF1 /* MainViewController.swift */ = {isa = PBXFileReference; lastKnownFileType = sourcecode.swift; path = MainViewController.swift; sourceTree = "<group>"; };
		CEB291EA2CCAD4EB00029FF1 /* MenuViewController.swift */ = {isa = PBXFileReference; lastKnownFileType = sourcecode.swift; path = MenuViewController.swift; sourceTree = "<group>"; };
		CEB291EC2CCAD50100029FF1 /* HomeViewController.swift */ = {isa = PBXFileReference; lastKnownFileType = sourcecode.swift; path = HomeViewController.swift; sourceTree = "<group>"; };
		CEB291EE2CCAD50E00029FF1 /* InfoViewController.swift */ = {isa = PBXFileReference; lastKnownFileType = sourcecode.swift; path = InfoViewController.swift; sourceTree = "<group>"; };
		CEB291F02CCAD55700029FF1 /* LoginViewController.swift */ = {isa = PBXFileReference; lastKnownFileType = sourcecode.swift; path = LoginViewController.swift; sourceTree = "<group>"; };
		CEBD55D22CD68ABB0047653F /* Track.swift */ = {isa = PBXFileReference; lastKnownFileType = sourcecode.swift; path = Track.swift; sourceTree = "<group>"; };
/* End PBXFileReference section */

/* Begin PBXFrameworksBuildPhase section */
		CEB291BA2CCAC42400029FF1 /* Frameworks */ = {
			isa = PBXFrameworksBuildPhase;
			buildActionMask = 2147483647;
			files = (
			);
			runOnlyForDeploymentPostprocessing = 0;
		};
/* End PBXFrameworksBuildPhase section */

/* Begin PBXGroup section */
		CEB291B42CCAC42400029FF1 = {
			isa = PBXGroup;
			children = (
				CEB291DE2CCAC42E00029FF1 /* ToDoApp */,
				CEB291BE2CCAC42400029FF1 /* Products */,
			);
			sourceTree = "<group>";
		};
		CEB291BE2CCAC42400029FF1 /* Products */ = {
			isa = PBXGroup;
			children = (
				CEB291BD2CCAC42400029FF1 /* LeftSlideMenu.app */,
			);
			name = Products;
			sourceTree = "<group>";
		};
		CEB291DE2CCAC42E00029FF1 /* ToDoApp */ = {
			isa = PBXGroup;
			children = (
				CEBD55D02CD68A8E0047653F /* Model */,
				CEB291E62CCAC43F00029FF1 /* App */,
				CEB291E72CCAC44F00029FF1 /* Storyboards */,
				CEB291E82CCAC46100029FF1 /* ViewControllers */,
				CEB291E92CCAC47000029FF1 /* Resource */,
			);
			path = ToDoApp;
			sourceTree = "<group>";
		};
		CEB291E62CCAC43F00029FF1 /* App */ = {
			isa = PBXGroup;
			children = (
				CEB291D52CCAC42E00029FF1 /* AppDelegate.swift */,
				CEB291DC2CCAC42E00029FF1 /* SceneDelegate.swift */,
				CEB291D72CCAC42E00029FF1 /* Info.plist */,
			);
			path = App;
			sourceTree = "<group>";
		};
		CEB291E72CCAC44F00029FF1 /* Storyboards */ = {
			isa = PBXGroup;
			children = (
				CEB291D92CCAC42E00029FF1 /* LaunchScreen.storyboard */,
				CEB291DB2CCAC42E00029FF1 /* Main.storyboard */,
			);
			path = Storyboards;
			sourceTree = "<group>";
		};
		CEB291E82CCAC46100029FF1 /* ViewControllers */ = {
			isa = PBXGroup;
			children = (
				CEB291F02CCAD55700029FF1 /* LoginViewController.swift */,
				CEB291DD2CCAC42E00029FF1 /* MainViewController.swift */,
				CEB291EC2CCAD50100029FF1 /* HomeViewController.swift */,
				CEB291EA2CCAD4EB00029FF1 /* MenuViewController.swift */,
				CEB291EE2CCAD50E00029FF1 /* InfoViewController.swift */,
			);
			path = ViewControllers;
			sourceTree = "<group>";
		};
		CEB291E92CCAC47000029FF1 /* Resource */ = {
			isa = PBXGroup;
			children = (
				CEB291D62CCAC42E00029FF1 /* Assets.xcassets */,
			);
			path = Resource;
			sourceTree = "<group>";
		};
		CEBD55D02CD68A8E0047653F /* Model */ = {
			isa = PBXGroup;
			children = (
				CEBD55D22CD68ABB0047653F /* Track.swift */,
			);
			path = Model;
			sourceTree = "<group>";
		};
/* End PBXGroup section */

/* Begin PBXNativeTarget section */
		CEB291BC2CCAC42400029FF1 /* LeftSlideMenu */ = {
			isa = PBXNativeTarget;
			buildConfigurationList = CEB291D02CCAC42700029FF1 /* Build configuration list for PBXNativeTarget "LeftSlideMenu" */;
			buildPhases = (
				CEB291B92CCAC42400029FF1 /* Sources */,
				CEB291BA2CCAC42400029FF1 /* Frameworks */,
				CEB291BB2CCAC42400029FF1 /* Resources */,
			);
			buildRules = (
			);
			dependencies = (
			);
			name = LeftSlideMenu;
			packageProductDependencies = (
			);
			productName = ToDoApp;
			productReference = CEB291BD2CCAC42400029FF1 /* LeftSlideMenu.app */;
			productType = "com.apple.product-type.application";
		};
/* End PBXNativeTarget section */

/* Begin PBXProject section */
		CEB291B52CCAC42400029FF1 /* Project object */ = {
			isa = PBXProject;
			attributes = {
				BuildIndependentTargetsInParallel = 1;
				LastSwiftUpdateCheck = 1600;
				LastUpgradeCheck = 1600;
				TargetAttributes = {
					CEB291BC2CCAC42400029FF1 = {
						CreatedOnToolsVersion = 16.0;
					};
				};
			};
			buildConfigurationList = CEB291B82CCAC42400029FF1 /* Build configuration list for PBXProject "LeftSlideMenu" */;
			developmentRegion = en;
			hasScannedForEncodings = 0;
			knownRegions = (
				en,
				Base,
			);
			mainGroup = CEB291B42CCAC42400029FF1;
			minimizedProjectReferenceProxies = 1;
			preferredProjectObjectVersion = 77;
			productRefGroup = CEB291BE2CCAC42400029FF1 /* Products */;
			projectDirPath = "";
			projectRoot = "";
			targets = (
				CEB291BC2CCAC42400029FF1 /* LeftSlideMenu */,
			);
		};
/* End PBXProject section */

/* Begin PBXResourcesBuildPhase section */
		CEB291BB2CCAC42400029FF1 /* Resources */ = {
			isa = PBXResourcesBuildPhase;
			buildActionMask = 2147483647;
			files = (
				CEB291DF2CCAC42E00029FF1 /* Assets.xcassets in Resources */,
				CEB291E12CCAC42E00029FF1 /* LaunchScreen.storyboard in Resources */,
				CEB291E22CCAC42E00029FF1 /* Main.storyboard in Resources */,
			);
			runOnlyForDeploymentPostprocessing = 0;
		};
/* End PBXResourcesBuildPhase section */

/* Begin PBXSourcesBuildPhase section */
		CEB291B92CCAC42400029FF1 /* Sources */ = {
			isa = PBXSourcesBuildPhase;
			buildActionMask = 2147483647;
			files = (
				CEB291F12CCAD55700029FF1 /* LoginViewController.swift in Sources */,
				CEB291ED2CCAD50100029FF1 /* HomeViewController.swift in Sources */,
				CEB291E32CCAC42E00029FF1 /* AppDelegate.swift in Sources */,
				CEBD55D32CD68ABB0047653F /* Track.swift in Sources */,
				CEB291E42CCAC42E00029FF1 /* SceneDelegate.swift in Sources */,
				CEB291E52CCAC42E00029FF1 /* MainViewController.swift in Sources */,
				CEB291EF2CCAD50E00029FF1 /* InfoViewController.swift in Sources */,
				CEB291EB2CCAD4EB00029FF1 /* MenuViewController.swift in Sources */,
			);
			runOnlyForDeploymentPostprocessing = 0;
		};
/* End PBXSourcesBuildPhase section */

/* Begin PBXVariantGroup section */
		CEB291D92CCAC42E00029FF1 /* LaunchScreen.storyboard */ = {
			isa = PBXVariantGroup;
			children = (
				CEB291D82CCAC42E00029FF1 /* Base */,
			);
			name = LaunchScreen.storyboard;
			sourceTree = "<group>";
		};
		CEB291DB2CCAC42E00029FF1 /* Main.storyboard */ = {
			isa = PBXVariantGroup;
			children = (
				CEB291DA2CCAC42E00029FF1 /* Base */,
			);
			name = Main.storyboard;
			sourceTree = "<group>";
		};
/* End PBXVariantGroup section */

/* Begin XCBuildConfiguration section */
		CEB291D12CCAC42700029FF1 /* Debug */ = {
			isa = XCBuildConfiguration;
			buildSettings = {
				ASSETCATALOG_COMPILER_APPICON_NAME = AppIcon;
				ASSETCATALOG_COMPILER_GLOBAL_ACCENT_COLOR_NAME = AccentColor;
				CODE_SIGN_STYLE = Automatic;
				CURRENT_PROJECT_VERSION = 1;
				DEVELOPMENT_TEAM = 24Q9WM75S6;
				GENERATE_INFOPLIST_FILE = YES;
				INFOPLIST_FILE = ToDoApp/App/Info.plist;
				INFOPLIST_KEY_UIApplicationSupportsIndirectInputEvents = YES;
				INFOPLIST_KEY_UILaunchStoryboardName = LaunchScreen;
				INFOPLIST_KEY_UIMainStoryboardFile = Main;
				INFOPLIST_KEY_UISupportedInterfaceOrientations = UIInterfaceOrientationPortrait;
				INFOPLIST_KEY_UISupportedInterfaceOrientations_iPad = "UIInterfaceOrientationLandscapeLeft UIInterfaceOrientationLandscapeRight UIInterfaceOrientationPortrait UIInterfaceOrientationPortraitUpsideDown";
				IPHONEOS_DEPLOYMENT_TARGET = 18.0;
				LD_RUNPATH_SEARCH_PATHS = (
					"$(inherited)",
					"@executable_path/Frameworks",
				);
				MARKETING_VERSION = 1.0;
				PRODUCT_BUNDLE_IDENTIFIER = halushko.ToDoApp;
				PRODUCT_NAME = "$(TARGET_NAME)";
				SUPPORTED_PLATFORMS = "iphoneos iphonesimulator";
				SUPPORTS_MACCATALYST = NO;
				SUPPORTS_MAC_DESIGNED_FOR_IPHONE_IPAD = NO;
				SUPPORTS_XR_DESIGNED_FOR_IPHONE_IPAD = NO;
				SWIFT_EMIT_LOC_STRINGS = YES;
				SWIFT_VERSION = 5.0;
				TARGETED_DEVICE_FAMILY = 1;
			};
			name = Debug;
		};
		CEB291D22CCAC42700029FF1 /* Release */ = {
			isa = XCBuildConfiguration;
			buildSettings = {
				ASSETCATALOG_COMPILER_APPICON_NAME = AppIcon;
				ASSETCATALOG_COMPILER_GLOBAL_ACCENT_COLOR_NAME = AccentColor;
				CODE_SIGN_STYLE = Automatic;
				CURRENT_PROJECT_VERSION = 1;
				DEVELOPMENT_TEAM = 24Q9WM75S6;
				GENERATE_INFOPLIST_FILE = YES;
				INFOPLIST_FILE = ToDoApp/App/Info.plist;
				INFOPLIST_KEY_UIApplicationSupportsIndirectInputEvents = YES;
				INFOPLIST_KEY_UILaunchStoryboardName = LaunchScreen;
				INFOPLIST_KEY_UIMainStoryboardFile = Main;
				INFOPLIST_KEY_UISupportedInterfaceOrientations = UIInterfaceOrientationPortrait;
				INFOPLIST_KEY_UISupportedInterfaceOrientations_iPad = "UIInterfaceOrientationLandscapeLeft UIInterfaceOrientationLandscapeRight UIInterfaceOrientationPortrait UIInterfaceOrientationPortraitUpsideDown";
				IPHONEOS_DEPLOYMENT_TARGET = 18.0;
				LD_RUNPATH_SEARCH_PATHS = (
					"$(inherited)",
					"@executable_path/Frameworks",
				);
				MARKETING_VERSION = 1.0;
				PRODUCT_BUNDLE_IDENTIFIER = halushko.ToDoApp;
				PRODUCT_NAME = "$(TARGET_NAME)";
				SUPPORTED_PLATFORMS = "iphoneos iphonesimulator";
				SUPPORTS_MACCATALYST = NO;
				SUPPORTS_MAC_DESIGNED_FOR_IPHONE_IPAD = NO;
				SUPPORTS_XR_DESIGNED_FOR_IPHONE_IPAD = NO;
				SWIFT_EMIT_LOC_STRINGS = YES;
				SWIFT_VERSION = 5.0;
				TARGETED_DEVICE_FAMILY = 1;
			};
			name = Release;
		};
		CEB291D32CCAC42700029FF1 /* Debug */ = {
			isa = XCBuildConfiguration;
			buildSettings = {
				ALWAYS_SEARCH_USER_PATHS = NO;
				ASSETCATALOG_COMPILER_GENERATE_SWIFT_ASSET_SYMBOL_EXTENSIONS = YES;
				CLANG_ANALYZER_NONNULL = YES;
				CLANG_ANALYZER_NUMBER_OBJECT_CONVERSION = YES_AGGRESSIVE;
				CLANG_CXX_LANGUAGE_STANDARD = "gnu++20";
				CLANG_ENABLE_MODULES = YES;
				CLANG_ENABLE_OBJC_ARC = YES;
				CLANG_ENABLE_OBJC_WEAK = YES;
				CLANG_WARN_BLOCK_CAPTURE_AUTORELEASING = YES;
				CLANG_WARN_BOOL_CONVERSION = YES;
				CLANG_WARN_COMMA = YES;
				CLANG_WARN_CONSTANT_CONVERSION = YES;
				CLANG_WARN_DEPRECATED_OBJC_IMPLEMENTATIONS = YES;
				CLANG_WARN_DIRECT_OBJC_ISA_USAGE = YES_ERROR;
				CLANG_WARN_DOCUMENTATION_COMMENTS = YES;
				CLANG_WARN_EMPTY_BODY = YES;
				CLANG_WARN_ENUM_CONVERSION = YES;
				CLANG_WARN_INFINITE_RECURSION = YES;
				CLANG_WARN_INT_CONVERSION = YES;
				CLANG_WARN_NON_LITERAL_NULL_CONVERSION = YES;
				CLANG_WARN_OBJC_IMPLICIT_RETAIN_SELF = YES;
				CLANG_WARN_OBJC_LITERAL_CONVERSION = YES;
				CLANG_WARN_OBJC_ROOT_CLASS = YES_ERROR;
				CLANG_WARN_QUOTED_INCLUDE_IN_FRAMEWORK_HEADER = YES;
				CLANG_WARN_RANGE_LOOP_ANALYSIS = YES;
				CLANG_WARN_STRICT_PROTOTYPES = YES;
				CLANG_WARN_SUSPICIOUS_MOVE = YES;
				CLANG_WARN_UNGUARDED_AVAILABILITY = YES_AGGRESSIVE;
				CLANG_WARN_UNREACHABLE_CODE = YES;
				CLANG_WARN__DUPLICATE_METHOD_MATCH = YES;
				COPY_PHASE_STRIP = NO;
				DEBUG_INFORMATION_FORMAT = dwarf;
				ENABLE_STRICT_OBJC_MSGSEND = YES;
				ENABLE_TESTABILITY = YES;
				ENABLE_USER_SCRIPT_SANDBOXING = YES;
				GCC_C_LANGUAGE_STANDARD = gnu17;
				GCC_DYNAMIC_NO_PIC = NO;
				GCC_NO_COMMON_BLOCKS = YES;
				GCC_OPTIMIZATION_LEVEL = 0;
				GCC_PREPROCESSOR_DEFINITIONS = (
					"DEBUG=1",
					"$(inherited)",
				);
				GCC_WARN_64_TO_32_BIT_CONVERSION = YES;
				GCC_WARN_ABOUT_RETURN_TYPE = YES_ERROR;
				GCC_WARN_UNDECLARED_SELECTOR = YES;
				GCC_WARN_UNINITIALIZED_AUTOS = YES_AGGRESSIVE;
				GCC_WARN_UNUSED_FUNCTION = YES;
				GCC_WARN_UNUSED_VARIABLE = YES;
				IPHONEOS_DEPLOYMENT_TARGET = 18.0;
				LOCALIZATION_PREFERS_STRING_CATALOGS = YES;
				MTL_ENABLE_DEBUG_INFO = INCLUDE_SOURCE;
				MTL_FAST_MATH = YES;
				ONLY_ACTIVE_ARCH = YES;
				SDKROOT = iphoneos;
				SWIFT_ACTIVE_COMPILATION_CONDITIONS = "DEBUG $(inherited)";
				SWIFT_OPTIMIZATION_LEVEL = "-Onone";
			};
			name = Debug;
		};
		CEB291D42CCAC42700029FF1 /* Release */ = {
			isa = XCBuildConfiguration;
			buildSettings = {
				ALWAYS_SEARCH_USER_PATHS = NO;
				ASSETCATALOG_COMPILER_GENERATE_SWIFT_ASSET_SYMBOL_EXTENSIONS = YES;
				CLANG_ANALYZER_NONNULL = YES;
				CLANG_ANALYZER_NUMBER_OBJECT_CONVERSION = YES_AGGRESSIVE;
				CLANG_CXX_LANGUAGE_STANDARD = "gnu++20";
				CLANG_ENABLE_MODULES = YES;
				CLANG_ENABLE_OBJC_ARC = YES;
				CLANG_ENABLE_OBJC_WEAK = YES;
				CLANG_WARN_BLOCK_CAPTURE_AUTORELEASING = YES;
				CLANG_WARN_BOOL_CONVERSION = YES;
				CLANG_WARN_COMMA = YES;
				CLANG_WARN_CONSTANT_CONVERSION = YES;
				CLANG_WARN_DEPRECATED_OBJC_IMPLEMENTATIONS = YES;
				CLANG_WARN_DIRECT_OBJC_ISA_USAGE = YES_ERROR;
				CLANG_WARN_DOCUMENTATION_COMMENTS = YES;
				CLANG_WARN_EMPTY_BODY = YES;
				CLANG_WARN_ENUM_CONVERSION = YES;
				CLANG_WARN_INFINITE_RECURSION = YES;
				CLANG_WARN_INT_CONVERSION = YES;
				CLANG_WARN_NON_LITERAL_NULL_CONVERSION = YES;
				CLANG_WARN_OBJC_IMPLICIT_RETAIN_SELF = YES;
				CLANG_WARN_OBJC_LITERAL_CONVERSION = YES;
				CLANG_WARN_OBJC_ROOT_CLASS = YES_ERROR;
				CLANG_WARN_QUOTED_INCLUDE_IN_FRAMEWORK_HEADER = YES;
				CLANG_WARN_RANGE_LOOP_ANALYSIS = YES;
				CLANG_WARN_STRICT_PROTOTYPES = YES;
				CLANG_WARN_SUSPICIOUS_MOVE = YES;
				CLANG_WARN_UNGUARDED_AVAILABILITY = YES_AGGRESSIVE;
				CLANG_WARN_UNREACHABLE_CODE = YES;
				CLANG_WARN__DUPLICATE_METHOD_MATCH = YES;
				COPY_PHASE_STRIP = NO;
				DEBUG_INFORMATION_FORMAT = "dwarf-with-dsym";
				ENABLE_NS_ASSERTIONS = NO;
				ENABLE_STRICT_OBJC_MSGSEND = YES;
				ENABLE_USER_SCRIPT_SANDBOXING = YES;
				GCC_C_LANGUAGE_STANDARD = gnu17;
				GCC_NO_COMMON_BLOCKS = YES;
				GCC_WARN_64_TO_32_BIT_CONVERSION = YES;
				GCC_WARN_ABOUT_RETURN_TYPE = YES_ERROR;
				GCC_WARN_UNDECLARED_SELECTOR = YES;
				GCC_WARN_UNINITIALIZED_AUTOS = YES_AGGRESSIVE;
				GCC_WARN_UNUSED_FUNCTION = YES;
				GCC_WARN_UNUSED_VARIABLE = YES;
				IPHONEOS_DEPLOYMENT_TARGET = 18.0;
				LOCALIZATION_PREFERS_STRING_CATALOGS = YES;
				MTL_ENABLE_DEBUG_INFO = NO;
				MTL_FAST_MATH = YES;
				SDKROOT = iphoneos;
				SWIFT_COMPILATION_MODE = wholemodule;
				VALIDATE_PRODUCT = YES;
			};
			name = Release;
		};
/* End XCBuildConfiguration section */

/* Begin XCConfigurationList section */
		CEB291B82CCAC42400029FF1 /* Build configuration list for PBXProject "LeftSlideMenu" */ = {
			isa = XCConfigurationList;
			buildConfigurations = (
				CEB291D32CCAC42700029FF1 /* Debug */,
				CEB291D42CCAC42700029FF1 /* Release */,
			);
			defaultConfigurationIsVisible = 0;
			defaultConfigurationName = Release;
		};
		CEB291D02CCAC42700029FF1 /* Build configuration list for PBXNativeTarget "LeftSlideMenu" */ = {
			isa = XCConfigurationList;
			buildConfigurations = (
				CEB291D12CCAC42700029FF1 /* Debug */,
				CEB291D22CCAC42700029FF1 /* Release */,
			);
			defaultConfigurationIsVisible = 0;
			defaultConfigurationName = Release;
		};
/* End XCConfigurationList section */
	};
	rootObject = CEB291B52CCAC42400029FF1 /* Project object */;
}
